
Microsoft Visual Studio Solution File, Format Version 12.00
# Visual Studio Version 17
VisualStudioVersion = 17.14.36518.9 d17.14
MinimumVisualStudioVersion = 10.0.40219.1
Project("{FAE04EC0-301F-11D3-BF4B-00C04F79EFBC}") = "dizi sayıları toplamı lokasyon", "dizi sayıları toplamı lokasyon\dizi sayıları toplamı lokasyon.csproj", "{19ED00F8-0532-477B-B787-C3B84885812D}"
EndProject
Global
	GlobalSection(SolutionConfigurationPlatforms) = preSolution
		Debug|Any CPU = Debug|Any CPU
		Release|Any CPU = Release|Any CPU
	EndGlobalSection
	GlobalSection(ProjectConfigurationPlatforms) = postSolution
		{19ED00F8-0532-477B-B787-C3B84885812D}.Debug|Any CPU.ActiveCfg = Debug|Any CPU
		{19ED00F8-0532-477B-B787-C3B84885812D}.Debug|Any CPU.Build.0 = Debug|Any CPU
		{19ED00F8-0532-477B-B787-C3B84885812D}.Release|Any CPU.ActiveCfg = Release|Any CPU
		{19ED00F8-0532-477B-B787-C3B84885812D}.Release|Any CPU.Build.0 = Release|Any CPU
	EndGlobalSection
	GlobalSection(SolutionProperties) = preSolution
		HideSolutionNode = FALSE
	EndGlobalSection
	GlobalSection(ExtensibilityGlobals) = postSolution
		SolutionGuid = {AB3DEE83-37D7-416B-BA4E-33AFE6E4D479}
	EndGlobalSection
EndGlobal
